
Microsoft Visual Studio Solution File, Format Version 12.00
# Visual Studio Version 17
VisualStudioVersion = 17.2.32505.173
MinimumVisualStudioVersion = 10.0.40219.1
Project("{FAE04EC0-301F-11D3-BF4B-00C04F79EFBC}") = "DeckOfCardsLab", "DeckOfCardsLab\DeckOfCardsLab.csproj", "{F7CDD8D8-F41C-4D7C-805C-D14B04F37FDA}"
EndProject
Global
	GlobalSection(SolutionConfigurationPlatforms) = preSolution
		Debug|Any CPU = Debug|Any CPU
		Release|Any CPU = Release|Any CPU
	EndGlobalSection
	GlobalSection(ProjectConfigurationPlatforms) = postSolution
		{F7CDD8D8-F41C-4D7C-805C-D14B04F37FDA}.Debug|Any CPU.ActiveCfg = Debug|Any CPU
		{F7CDD8D8-F41C-4D7C-805C-D14B04F37FDA}.Debug|Any CPU.Build.0 = Debug|Any CPU
		{F7CDD8D8-F41C-4D7C-805C-D14B04F37FDA}.Release|Any CPU.ActiveCfg = Release|Any CPU
		{F7CDD8D8-F41C-4D7C-805C-D14B04F37FDA}.Release|Any CPU.Build.0 = Release|Any CPU
	EndGlobalSection
	GlobalSection(SolutionProperties) = preSolution
		HideSolutionNode = FALSE
	EndGlobalSection
	GlobalSection(ExtensibilityGlobals) = postSolution
		SolutionGuid = {FF1E4822-5720-4A54-BAC4-8F1DF9D53E87}
	EndGlobalSection
EndGlobal
